dependencies:
  espressif/button:
    component_hash: a405a99689f636e84cd67da34a85a88d0d3a1aa514a28f60d18bd370c1378e0b
    dependencies:
    - name: espressif/cmake_utilities
      registry_url: https://components.espressif.com
      require: private
      version: 0.*
    - name: idf
      require: private
      version: '>=4.0'
    source:
      registry_url: https://components.espressif.com/
      type: service
    version: 4.0.0
  espressif/cmake_utilities:
    component_hash: 351350613ceafba240b761b4ea991e0f231ac7a9f59a9ee901f751bddc0bb18f
    dependencies:
    - name: idf
      require: private
      version: '>=4.1'
    source:
      registry_url: https://components.espressif.com
      type: service
    version: 0.5.3
  idf:
    source:
      type: idf
    version: 5.4.0
  lvgl/lvgl:
    component_hash: 096c69af22eaf8a2b721e3913da91918c5e6bf1a762a113ec01f401aa61337a0
    dependencies: []
    source:
      registry_url: https://components.espressif.com/
      type: service
    version: 9.2.2
direct_dependencies:
- espressif/button
- idf
- lvgl/lvgl
manifest_hash: 88c8b841599ac455f2db451a158a6999c9f9afb0dbe936458b11e411fa2fcf73
target: esp32s3
version: 2.0.0
